
Microsoft Visual Studio Solution File, Format Version 12.00
# Visual Studio Version 17
VisualStudioVersion = 17.12.35527.113 d17.12
MinimumVisualStudioVersion = 10.0.40219.1
Project("{FAE04EC0-301F-11D3-BF4B-00C04F79EFBC}") = "Holiday", "Holiday\Holiday.csproj", "{BEA24865-A0A9-44BA-8B18-C6BC6FB802CD}"
EndProject
Global
	GlobalSection(SolutionConfigurationPlatforms) = preSolution
		Debug|Any CPU = Debug|Any CPU
		Release|Any CPU = Release|Any CPU
	EndGlobalSection
	GlobalSection(ProjectConfigurationPlatforms) = postSolution
		{BEA24865-A0A9-44BA-8B18-C6BC6FB802CD}.Debug|Any CPU.ActiveCfg = Debug|Any CPU
		{BEA24865-A0A9-44BA-8B18-C6BC6FB802CD}.Debug|Any CPU.Build.0 = Debug|Any CPU
		{BEA24865-A0A9-44BA-8B18-C6BC6FB802CD}.Release|Any CPU.ActiveCfg = Release|Any CPU
		{BEA24865-A0A9-44BA-8B18-C6BC6FB802CD}.Release|Any CPU.Build.0 = Release|Any CPU
	EndGlobalSection
	GlobalSection(SolutionProperties) = preSolution
		HideSolutionNode = FALSE
	EndGlobalSection
EndGlobal
